
Microsoft Visual Studio Solution File, Format Version 12.00
# Visual Studio Version 17
VisualStudioVersion = 17.9.34526.213
MinimumVisualStudioVersion = 10.0.40219.1
Project("{9A19103F-16F7-4668-BE54-9A1E7A4F7556}") = "DatabaseApp", "DatabaseApp.csproj", "{0F1E36B6-74B3-4827-94D8-5505D21B5504}"
EndProject
Global
	GlobalSection(SolutionConfigurationPlatforms) = preSolution
		Debug|Any CPU = Debug|Any CPU
		Release|Any CPU = Release|Any CPU
	EndGlobalSection
	GlobalSection(ProjectConfigurationPlatforms) = postSolution
		{0F1E36B6-74B3-4827-94D8-5505D21B5504}.Debug|Any CPU.ActiveCfg = Debug|Any CPU
		{0F1E36B6-74B3-4827-94D8-5505D21B5504}.Debug|Any CPU.Build.0 = Debug|Any CPU
		{0F1E36B6-74B3-4827-94D8-5505D21B5504}.Release|Any CPU.ActiveCfg = Release|Any CPU
		{0F1E36B6-74B3-4827-94D8-5505D21B5504}.Release|Any CPU.Build.0 = Release|Any CPU
	EndGlobalSection
	GlobalSection(SolutionProperties) = preSolution
		HideSolutionNode = FALSE
	EndGlobalSection
	GlobalSection(ExtensibilityGlobals) = postSolution
		SolutionGuid = {33109AA5-C190-44E3-A720-677F1FD78CA3}
	EndGlobalSection
EndGlobal
