
Microsoft Visual Studio Solution File, Format Version 12.00
# Visual Studio Version 17
VisualStudioVersion = 17.8.34525.116
MinimumVisualStudioVersion = 10.0.40219.1
Project("{FAE04EC0-301F-11D3-BF4B-00C04F79EFBC}") = "QuestionNo1", "QuestionNo1.csproj", "{4A948DB8-47B1-4611-AA58-786A237C29F5}"
EndProject
Global
	GlobalSection(SolutionConfigurationPlatforms) = preSolution
		Debug|Any CPU = Debug|Any CPU
		Release|Any CPU = Release|Any CPU
	EndGlobalSection
	GlobalSection(ProjectConfigurationPlatforms) = postSolution
		{4A948DB8-47B1-4611-AA58-786A237C29F5}.Debug|Any CPU.ActiveCfg = Debug|Any CPU
		{4A948DB8-47B1-4611-AA58-786A237C29F5}.Debug|Any CPU.Build.0 = Debug|Any CPU
		{4A948DB8-47B1-4611-AA58-786A237C29F5}.Release|Any CPU.ActiveCfg = Release|Any CPU
		{4A948DB8-47B1-4611-AA58-786A237C29F5}.Release|Any CPU.Build.0 = Release|Any CPU
	EndGlobalSection
	GlobalSection(SolutionProperties) = preSolution
		HideSolutionNode = FALSE
	EndGlobalSection
	GlobalSection(ExtensibilityGlobals) = postSolution
		SolutionGuid = {B91148E9-8915-40B4-A89C-20787511353B}
	EndGlobalSection
EndGlobal
