
Microsoft Visual Studio Solution File, Format Version 12.00
# Visual Studio Version 17
VisualStudioVersion = 17.8.34525.116
MinimumVisualStudioVersion = 10.0.40219.1
Project("{FAE04EC0-301F-11D3-BF4B-00C04F79EFBC}") = "QuestionNo1", "QuestionNo1.csproj", "{9827B3D0-D490-47E0-A971-859BF212DD60}"
EndProject
Global
	GlobalSection(SolutionConfigurationPlatforms) = preSolution
		Debug|Any CPU = Debug|Any CPU
		Release|Any CPU = Release|Any CPU
	EndGlobalSection
	GlobalSection(ProjectConfigurationPlatforms) = postSolution
		{9827B3D0-D490-47E0-A971-859BF212DD60}.Debug|Any CPU.ActiveCfg = Debug|Any CPU
		{9827B3D0-D490-47E0-A971-859BF212DD60}.Debug|Any CPU.Build.0 = Debug|Any CPU
		{9827B3D0-D490-47E0-A971-859BF212DD60}.Release|Any CPU.ActiveCfg = Release|Any CPU
		{9827B3D0-D490-47E0-A971-859BF212DD60}.Release|Any CPU.Build.0 = Release|Any CPU
	EndGlobalSection
	GlobalSection(SolutionProperties) = preSolution
		HideSolutionNode = FALSE
	EndGlobalSection
	GlobalSection(ExtensibilityGlobals) = postSolution
		SolutionGuid = {A3F5CCC0-51CE-430D-B958-3089B85F2712}
	EndGlobalSection
EndGlobal
