
Microsoft Visual Studio Solution File, Format Version 12.00
# Visual Studio Version 17
VisualStudioVersion = 17.8.34525.116
MinimumVisualStudioVersion = 10.0.40219.1
Project("{FAE04EC0-301F-11D3-BF4B-00C04F79EFBC}") = "QuestionNo1", "QuestionNo1.csproj", "{5C16B499-2515-4543-9262-9540CED1D171}"
EndProject
Global
	GlobalSection(SolutionConfigurationPlatforms) = preSolution
		Debug|Any CPU = Debug|Any CPU
		Release|Any CPU = Release|Any CPU
	EndGlobalSection
	GlobalSection(ProjectConfigurationPlatforms) = postSolution
		{5C16B499-2515-4543-9262-9540CED1D171}.Debug|Any CPU.ActiveCfg = Debug|Any CPU
		{5C16B499-2515-4543-9262-9540CED1D171}.Debug|Any CPU.Build.0 = Debug|Any CPU
		{5C16B499-2515-4543-9262-9540CED1D171}.Release|Any CPU.ActiveCfg = Release|Any CPU
		{5C16B499-2515-4543-9262-9540CED1D171}.Release|Any CPU.Build.0 = Release|Any CPU
	EndGlobalSection
	GlobalSection(SolutionProperties) = preSolution
		HideSolutionNode = FALSE
	EndGlobalSection
	GlobalSection(ExtensibilityGlobals) = postSolution
		SolutionGuid = {3E5533EE-7272-46A8-A0F8-2CC4770F9F64}
	EndGlobalSection
EndGlobal
